// !$*UTF8*$!
{
	archiveVersion = 1;
	classes = {
	};
	objectVersion = 48;
	objects = {

/* Begin PBXBuildFile section */
		0A40C28752AAC302D346A4BD /* Pods_app.framework in Frameworks */ = {isa = PBXBuildFile; fileRef = 3876B4F8C419F8BD9AACA84F /* Pods_app.framework */; };
		CF6AF23620DC0700000A1B68 /* AppDelegate.swift in Sources */ = {isa = PBXBuildFile; fileRef = CF6AF23520DC0700000A1B68 /* AppDelegate.swift */; };
		CF6AF23820DC0700000A1B68 /* ViewController.swift in Sources */ = {isa = PBXBuildFile; fileRef = CF6AF23720DC0700000A1B68 /* ViewController.swift */; };
		CF6AF23B20DC0700000A1B68 /* Main.storyboard in Resources */ = {isa = PBXBuildFile; fileRef = CF6AF23920DC0700000A1B68 /* Main.storyboard */; };
		CF6AF23D20DC0700000A1B68 /* Assets.xcassets in Resources */ = {isa = PBXBuildFile; fileRef = CF6AF23C20DC0700000A1B68 /* Assets.xcassets */; };
		CF6AF24020DC0700000A1B68 /* LaunchScreen.storyboard in Resources */ = {isa = PBXBuildFile; fileRef = CF6AF23E20DC0700000A1B68 /* LaunchScreen.storyboard */; };
		CF6AF24820DC0B53000A1B68 /* GoogleService-Info.plist in Resources */ = {isa = PBXBuildFile; fileRef = CF6AF24720DC0B52000A1B68 /* GoogleService-Info.plist */; };
		CF9DC08120E1539D00CC9DB9 /* TabBarController.swift in Sources */ = {isa = PBXBuildFile; fileRef = CF9DC08020E1539D00CC9DB9 /* TabBarController.swift */; };
		CF9DC08A20E1566000CC9DB9 /* star@2x.png in Resources */ = {isa = PBXBuildFile; fileRef = CF9DC08320E1566000CC9DB9 /* star@2x.png */; };
		CF9DC08B20E1566000CC9DB9 /* burger@2x.png in Resources */ = {isa = PBXBuildFile; fileRef = CF9DC08420E1566000CC9DB9 /* burger@2x.png */; };
		CF9DC08C20E1566000CC9DB9 /* burger.png in Resources */ = {isa = PBXBuildFile; fileRef = CF9DC08520E1566000CC9DB9 /* burger.png */; };
		CF9DC08E20E1566000CC9DB9 /* Background.jpg in Resources */ = {isa = PBXBuildFile; fileRef = CF9DC08720E1566000CC9DB9 /* Background.jpg */; };
		CF9DC08F20E1566000CC9DB9 /* star.png in Resources */ = {isa = PBXBuildFile; fileRef = CF9DC08820E1566000CC9DB9 /* star.png */; };
		DC22B8AC20E3B9BB005175EC /* PhotosTableViewCell.swift in Sources */ = {isa = PBXBuildFile; fileRef = DC22B8AB20E3B9BB005175EC /* PhotosTableViewCell.swift */; };
		DC22B8AE20E3B9FD005175EC /* PhotosViewController.swift in Sources */ = {isa = PBXBuildFile; fileRef = DC22B8AD20E3B9FD005175EC /* PhotosViewController.swift */; };
		DC22B8B220E3BBD1005175EC /* PhotoDetailsViewController.swift in Sources */ = {isa = PBXBuildFile; fileRef = DC22B8B020E3BBD0005175EC /* PhotoDetailsViewController.swift */; };
		DC28C18020E2929500C3B208 /* youtube.png in Resources */ = {isa = PBXBuildFile; fileRef = DC28C17E20E2929500C3B208 /* youtube.png */; };
		DC28C18120E2929500C3B208 /* youtube@2x.png in Resources */ = {isa = PBXBuildFile; fileRef = DC28C17F20E2929500C3B208 /* youtube@2x.png */; };
		DC5BB5EB20E1F86E007FF959 /* YTViewController.swift in Sources */ = {isa = PBXBuildFile; fileRef = DC5BB5EA20E1F86E007FF959 /* YTViewController.swift */; };
		DC5BB5EF20E1FA15007FF959 /* YTVideoModel.swift in Sources */ = {isa = PBXBuildFile; fileRef = DC5BB5EE20E1FA15007FF959 /* YTVideoModel.swift */; };
		DC5BB5F120E1FA92007FF959 /* YTVideoBase.swift in Sources */ = {isa = PBXBuildFile; fileRef = DC5BB5F020E1FA92007FF959 /* YTVideoBase.swift */; };
		DCF4E1DF20E2107700C72754 /* ImageTableViewCell.swift in Sources */ = {isa = PBXBuildFile; fileRef = DCF4E1DE20E2107700C72754 /* ImageTableViewCell.swift */; };
/* End PBXBuildFile section */

/* Begin PBXFileReference section */
		3876B4F8C419F8BD9AACA84F /* Pods_app.framework */ = {isa = PBXFileReference; explicitFileType = wrapper.framework; includeInIndex = 0; path = Pods_app.framework; sourceTree = BUILT_PRODUCTS_DIR; };
		9CB7A6595D513DA002C42CFE /* Pods-app.release.xcconfig */ = {isa = PBXFileReference; includeInIndex = 1; lastKnownFileType = text.xcconfig; name = "Pods-app.release.xcconfig"; path = "Pods/Target Support Files/Pods-app/Pods-app.release.xcconfig"; sourceTree = "<group>"; };
		CF6AF23220DC0700000A1B68 /* PRK.app */ = {isa = PBXFileReference; explicitFileType = wrapper.application; includeInIndex = 0; path = PRK.app; sourceTree = BUILT_PRODUCTS_DIR; };
		CF6AF23520DC0700000A1B68 /* AppDelegate.swift */ = {isa = PBXFileReference; lastKnownFileType = sourcecode.swift; path = AppDelegate.swift; sourceTree = "<group>"; };
		CF6AF23720DC0700000A1B68 /* ViewController.swift */ = {isa = PBXFileReference; lastKnownFileType = sourcecode.swift; path = ViewController.swift; sourceTree = "<group>"; };
		CF6AF23A20DC0700000A1B68 /* Base */ = {isa = PBXFileReference; lastKnownFileType = file.storyboard; name = Base; path = Base.lproj/Main.storyboard; sourceTree = "<group>"; };
		CF6AF23C20DC0700000A1B68 /* Assets.xcassets */ = {isa = PBXFileReference; lastKnownFileType = folder.assetcatalog; path = Assets.xcassets; sourceTree = "<group>"; };
		CF6AF23F20DC0700000A1B68 /* Base */ = {isa = PBXFileReference; lastKnownFileType = file.storyboard; name = Base; path = Base.lproj/LaunchScreen.storyboard; sourceTree = "<group>"; };
		CF6AF24120DC0700000A1B68 /* Info.plist */ = {isa = PBXFileReference; lastKnownFileType = text.plist.xml; path = Info.plist; sourceTree = "<group>"; };
		CF6AF24720DC0B52000A1B68 /* GoogleService-Info.plist */ = {isa = PBXFileReference; fileEncoding = 4; lastKnownFileType = text.plist.xml; path = "GoogleService-Info.plist"; sourceTree = "<group>"; };
		CF9DC08020E1539D00CC9DB9 /* TabBarController.swift */ = {isa = PBXFileReference; fileEncoding = 4; lastKnownFileType = sourcecode.swift; path = TabBarController.swift; sourceTree = "<group>"; };
		CF9DC08320E1566000CC9DB9 /* star@2x.png */ = {isa = PBXFileReference; lastKnownFileType = image.png; name = "star@2x.png"; path = "app/Images/star@2x.png"; sourceTree = SOURCE_ROOT; };
		CF9DC08420E1566000CC9DB9 /* burger@2x.png */ = {isa = PBXFileReference; lastKnownFileType = image.png; name = "burger@2x.png"; path = "app/Images/burger@2x.png"; sourceTree = SOURCE_ROOT; };
		CF9DC08520E1566000CC9DB9 /* burger.png */ = {isa = PBXFileReference; lastKnownFileType = image.png; name = burger.png; path = app/Images/burger.png; sourceTree = SOURCE_ROOT; };
		CF9DC08720E1566000CC9DB9 /* Background.jpg */ = {isa = PBXFileReference; lastKnownFileType = image.jpeg; name = Background.jpg; path = app/Images/Background.jpg; sourceTree = SOURCE_ROOT; };
		CF9DC08820E1566000CC9DB9 /* star.png */ = {isa = PBXFileReference; lastKnownFileType = image.png; name = star.png; path = app/Images/star.png; sourceTree = SOURCE_ROOT; };
		DC22B8AB20E3B9BB005175EC /* PhotosTableViewCell.swift */ = {isa = PBXFileReference; fileEncoding = 4; lastKnownFileType = sourcecode.swift; path = PhotosTableViewCell.swift; sourceTree = "<group>"; };
		DC22B8AD20E3B9FD005175EC /* PhotosViewController.swift */ = {isa = PBXFileReference; fileEncoding = 4; lastKnownFileType = sourcecode.swift; path = PhotosViewController.swift; sourceTree = "<group>"; };
		DC22B8B020E3BBD0005175EC /* PhotoDetailsViewController.swift */ = {isa = PBXFileReference; fileEncoding = 4; lastKnownFileType = sourcecode.swift; path = PhotoDetailsViewController.swift; sourceTree = "<group>"; };
		DC28C17E20E2929500C3B208 /* youtube.png */ = {isa = PBXFileReference; lastKnownFileType = image.png; name = youtube.png; path = app/Images/youtube.png; sourceTree = SOURCE_ROOT; };
		DC28C17F20E2929500C3B208 /* youtube@2x.png */ = {isa = PBXFileReference; lastKnownFileType = image.png; name = "youtube@2x.png"; path = "app/Images/youtube@2x.png"; sourceTree = SOURCE_ROOT; };
		DC5BB5EA20E1F86E007FF959 /* YTViewController.swift */ = {isa = PBXFileReference; fileEncoding = 4; lastKnownFileType = sourcecode.swift; path = YTViewController.swift; sourceTree = "<group>"; };
		DC5BB5EE20E1FA15007FF959 /* YTVideoModel.swift */ = {isa = PBXFileReference; lastKnownFileType = sourcecode.swift; path = YTVideoModel.swift; sourceTree = "<group>"; };
		DC5BB5F020E1FA92007FF959 /* YTVideoBase.swift */ = {isa = PBXFileReference; fileEncoding = 4; lastKnownFileType = sourcecode.swift; path = YTVideoBase.swift; sourceTree = "<group>"; };
		DCF4E1DE20E2107700C72754 /* ImageTableViewCell.swift */ = {isa = PBXFileReference; fileEncoding = 4; lastKnownFileType = sourcecode.swift; path = ImageTableViewCell.swift; sourceTree = "<group>"; };
		FA2F63B5F223A0289E159529 /* Pods-app.debug.xcconfig */ = {isa = PBXFileReference; includeInIndex = 1; lastKnownFileType = text.xcconfig; name = "Pods-app.debug.xcconfig"; path = "Pods/Target Support Files/Pods-app/Pods-app.debug.xcconfig"; sourceTree = "<group>"; };
/* End PBXFileReference section */

/* Begin PBXFrameworksBuildPhase section */
		CF6AF22F20DC0700000A1B68 /* Frameworks */ = {
			isa = PBXFrameworksBuildPhase;
			buildActionMask = 2147483647;
			files = (
				0A40C28752AAC302D346A4BD /* Pods_app.framework in Frameworks */,
			);
			runOnlyForDeploymentPostprocessing = 0;
		};
/* End PBXFrameworksBuildPhase section */

/* Begin PBXGroup section */
		7CEB7583DD0D1977886C3572 /* Pods */ = {
			isa = PBXGroup;
			children = (
				FA2F63B5F223A0289E159529 /* Pods-app.debug.xcconfig */,
				9CB7A6595D513DA002C42CFE /* Pods-app.release.xcconfig */,
			);
			name = Pods;
			sourceTree = "<group>";
		};
		B231A364F8D77EC227434846 /* Frameworks */ = {
			isa = PBXGroup;
			children = (
				3876B4F8C419F8BD9AACA84F /* Pods_app.framework */,
			);
			name = Frameworks;
			sourceTree = "<group>";
		};
		CF6AF22920DC0700000A1B68 = {
			isa = PBXGroup;
			children = (
				CF6AF24720DC0B52000A1B68 /* GoogleService-Info.plist */,
				CF6AF23420DC0700000A1B68 /* app */,
				CF6AF23320DC0700000A1B68 /* Products */,
				7CEB7583DD0D1977886C3572 /* Pods */,
				B231A364F8D77EC227434846 /* Frameworks */,
			);
			sourceTree = "<group>";
		};
		CF6AF23320DC0700000A1B68 /* Products */ = {
			isa = PBXGroup;
			children = (
				CF6AF23220DC0700000A1B68 /* PRK.app */,
			);
			name = Products;
			sourceTree = "<group>";
		};
		CF6AF23420DC0700000A1B68 /* app */ = {
			isa = PBXGroup;
			children = (
				DC22B8AA20E3B8FE005175EC /* TabBar */,
				DC22B8A920E3B8C5005175EC /* YTFeed */,
				DC22B8A820E3B8AA005175EC /* InstagramFeed */,
				CF9DC08220E1564200CC9DB9 /* supporting files */,
				CF6AF23520DC0700000A1B68 /* AppDelegate.swift */,
				CF6AF23920DC0700000A1B68 /* Main.storyboard */,
				CF6AF23C20DC0700000A1B68 /* Assets.xcassets */,
				CF6AF23E20DC0700000A1B68 /* LaunchScreen.storyboard */,
				CF6AF24120DC0700000A1B68 /* Info.plist */,
			);
			path = app;
			sourceTree = "<group>";
		};
		CF9DC08220E1564200CC9DB9 /* supporting files */ = {
			isa = PBXGroup;
			children = (
				DC28C17E20E2929500C3B208 /* youtube.png */,
				DC28C17F20E2929500C3B208 /* youtube@2x.png */,
				CF9DC08720E1566000CC9DB9 /* Background.jpg */,
				CF9DC08520E1566000CC9DB9 /* burger.png */,
				CF9DC08420E1566000CC9DB9 /* burger@2x.png */,
				CF9DC08820E1566000CC9DB9 /* star.png */,
				CF9DC08320E1566000CC9DB9 /* star@2x.png */,
			);
			path = "supporting files";
			sourceTree = "<group>";
		};
		DC22B8A820E3B8AA005175EC /* InstagramFeed */ = {
			isa = PBXGroup;
			children = (
				DC22B8AB20E3B9BB005175EC /* PhotosTableViewCell.swift */,
				DC22B8AD20E3B9FD005175EC /* PhotosViewController.swift */,
				DC22B8B020E3BBD0005175EC /* PhotoDetailsViewController.swift */,
			);
			path = InstagramFeed;
			sourceTree = "<group>";
		};
		DC22B8A920E3B8C5005175EC /* YTFeed */ = {
			isa = PBXGroup;
			children = (
				DC5BB5EA20E1F86E007FF959 /* YTViewController.swift */,
				DC5BB5EE20E1FA15007FF959 /* YTVideoModel.swift */,
				DC5BB5F020E1FA92007FF959 /* YTVideoBase.swift */,
			);
			path = YTFeed;
			sourceTree = "<group>";
		};
		DC22B8AA20E3B8FE005175EC /* TabBar */ = {
			isa = PBXGroup;
			children = (
				CF9DC08020E1539D00CC9DB9 /* TabBarController.swift */,
				CF6AF23720DC0700000A1B68 /* ViewController.swift */,
				DCF4E1DE20E2107700C72754 /* ImageTableViewCell.swift */,
			);
			path = TabBar;
			sourceTree = "<group>";
		};
/* End PBXGroup section */

/* Begin PBXNativeTarget section */
		CF6AF23120DC0700000A1B68 /* app */ = {
			isa = PBXNativeTarget;
			buildConfigurationList = CF6AF24420DC0701000A1B68 /* Build configuration list for PBXNativeTarget "app" */;
			buildPhases = (
				34F18769DD0B85A1E3361F7A /* [CP] Check Pods Manifest.lock */,
				CF6AF22E20DC0700000A1B68 /* Sources */,
				CF6AF22F20DC0700000A1B68 /* Frameworks */,
				CF6AF23020DC0700000A1B68 /* Resources */,
				BEF4DF3C77555D7130401602 /* [CP] Embed Pods Frameworks */,
			);
			buildRules = (
			);
			dependencies = (
			);
			name = app;
			productName = app;
			productReference = CF6AF23220DC0700000A1B68 /* PRK.app */;
			productType = "com.apple.product-type.application";
		};
/* End PBXNativeTarget section */

/* Begin PBXProject section */
		CF6AF22A20DC0700000A1B68 /* Project object */ = {
			isa = PBXProject;
			attributes = {
				LastSwiftUpdateCheck = 0910;
				LastUpgradeCheck = 0910;
				ORGANIZATIONNAME = "shashank vs";
				TargetAttributes = {
					CF6AF23120DC0700000A1B68 = {
						CreatedOnToolsVersion = 9.1;
						ProvisioningStyle = Automatic;
					};
				};
			};
			buildConfigurationList = CF6AF22D20DC0700000A1B68 /* Build configuration list for PBXProject "app" */;
			compatibilityVersion = "Xcode 8.0";
			developmentRegion = en;
			hasScannedForEncodings = 0;
			knownRegions = (
				en,
				Base,
			);
			mainGroup = CF6AF22920DC0700000A1B68;
			productRefGroup = CF6AF23320DC0700000A1B68 /* Products */;
			projectDirPath = "";
			projectRoot = "";
			targets = (
				CF6AF23120DC0700000A1B68 /* app */,
			);
		};
/* End PBXProject section */

/* Begin PBXResourcesBuildPhase section */
		CF6AF23020DC0700000A1B68 /* Resources */ = {
			isa = PBXResourcesBuildPhase;
			buildActionMask = 2147483647;
			files = (
				CF6AF24020DC0700000A1B68 /* LaunchScreen.storyboard in Resources */,
				CF9DC08F20E1566000CC9DB9 /* star.png in Resources */,
				CF9DC08B20E1566000CC9DB9 /* burger@2x.png in Resources */,
				DC28C18020E2929500C3B208 /* youtube.png in Resources */,
				CF9DC08A20E1566000CC9DB9 /* star@2x.png in Resources */,
				CF9DC08C20E1566000CC9DB9 /* burger.png in Resources */,
				CF6AF24820DC0B53000A1B68 /* GoogleService-Info.plist in Resources */,
				CF6AF23D20DC0700000A1B68 /* Assets.xcassets in Resources */,
				CF6AF23B20DC0700000A1B68 /* Main.storyboard in Resources */,
				DC28C18120E2929500C3B208 /* youtube@2x.png in Resources */,
				CF9DC08E20E1566000CC9DB9 /* Background.jpg in Resources */,
			);
			runOnlyForDeploymentPostprocessing = 0;
		};
/* End PBXResourcesBuildPhase section */

/* Begin PBXShellScriptBuildPhase section */
		34F18769DD0B85A1E3361F7A /* [CP] Check Pods Manifest.lock */ = {
			isa = PBXShellScriptBuildPhase;
			buildActionMask = 2147483647;
			files = (
			);
			inputPaths = (
				"${PODS_PODFILE_DIR_PATH}/Podfile.lock",
				"${PODS_ROOT}/Manifest.lock",
			);
			name = "[CP] Check Pods Manifest.lock";
			outputPaths = (
				"$(DERIVED_FILE_DIR)/Pods-app-checkManifestLockResult.txt",
			);
			runOnlyForDeploymentPostprocessing = 0;
			shellPath = /bin/sh;
			shellScript = "diff \"${PODS_PODFILE_DIR_PATH}/Podfile.lock\" \"${PODS_ROOT}/Manifest.lock\" > /dev/null\nif [ $? != 0 ] ; then\n    # print error to STDERR\n    echo \"error: The sandbox is not in sync with the Podfile.lock. Run 'pod install' or update your CocoaPods installation.\" >&2\n    exit 1\nfi\n# This output is used by Xcode 'outputs' to avoid re-running this script phase.\necho \"SUCCESS\" > \"${SCRIPT_OUTPUT_FILE_0}\"\n";
			showEnvVarsInLog = 0;
		};
		BEF4DF3C77555D7130401602 /* [CP] Embed Pods Frameworks */ = {
			isa = PBXShellScriptBuildPhase;
			buildActionMask = 2147483647;
			files = (
			);
			inputPaths = (
				"${SRCROOT}/Pods/Target Support Files/Pods-app/Pods-app-frameworks.sh",
				"${BUILT_PRODUCTS_DIR}/Alamofire/Alamofire.framework",
				"${BUILT_PRODUCTS_DIR}/FrostedSidebar/FrostedSidebar.framework",
				"${BUILT_PRODUCTS_DIR}/RevealingSplashView/RevealingSplashView.framework",
			);
			name = "[CP] Embed Pods Frameworks";
			outputPaths = (
				"${TARGET_BUILD_DIR}/${FRAMEWORKS_FOLDER_PATH}/Alamofire.framework",
				"${TARGET_BUILD_DIR}/${FRAMEWORKS_FOLDER_PATH}/FrostedSidebar.framework",
				"${TARGET_BUILD_DIR}/${FRAMEWORKS_FOLDER_PATH}/RevealingSplashView.framework",
			);
			runOnlyForDeploymentPostprocessing = 0;
			shellPath = /bin/sh;
			shellScript = "\"${SRCROOT}/Pods/Target Support Files/Pods-app/Pods-app-frameworks.sh\"\n";
			showEnvVarsInLog = 0;
		};
/* End PBXShellScriptBuildPhase section */

/* Begin PBXSourcesBuildPhase section */
		CF6AF22E20DC0700000A1B68 /* Sources */ = {
			isa = PBXSourcesBuildPhase;
			buildActionMask = 2147483647;
			files = (
				DC22B8AE20E3B9FD005175EC /* PhotosViewController.swift in Sources */,
				DCF4E1DF20E2107700C72754 /* ImageTableViewCell.swift in Sources */,
				DC5BB5EF20E1FA15007FF959 /* YTVideoModel.swift in Sources */,
				CF9DC08120E1539D00CC9DB9 /* TabBarController.swift in Sources */,
				DC22B8B220E3BBD1005175EC /* PhotoDetailsViewController.swift in Sources */,
				DC5BB5F120E1FA92007FF959 /* YTVideoBase.swift in Sources */,
				DC22B8AC20E3B9BB005175EC /* PhotosTableViewCell.swift in Sources */,
				DC5BB5EB20E1F86E007FF959 /* YTViewController.swift in Sources */,
				CF6AF23820DC0700000A1B68 /* ViewController.swift in Sources */,
				CF6AF23620DC0700000A1B68 /* AppDelegate.swift in Sources */,
			);
			runOnlyForDeploymentPostprocessing = 0;
		};
/* End PBXSourcesBuildPhase section */

/* Begin PBXVariantGroup section */
		CF6AF23920DC0700000A1B68 /* Main.storyboard */ = {
			isa = PBXVariantGroup;
			children = (
				CF6AF23A20DC0700000A1B68 /* Base */,
			);
			name = Main.storyboard;
			sourceTree = "<group>";
		};
		CF6AF23E20DC0700000A1B68 /* LaunchScreen.storyboard */ = {
			isa = PBXVariantGroup;
			children = (
				CF6AF23F20DC0700000A1B68 /* Base */,
			);
			name = LaunchScreen.storyboard;
			sourceTree = "<group>";
		};
/* End PBXVariantGroup section */

/* Begin XCBuildConfiguration section */
		CF6AF24220DC0701000A1B68 /* Debug */ = {
			isa = XCBuildConfiguration;
			buildSettings = {
				ALWAYS_SEARCH_USER_PATHS = NO;
				CLANG_ANALYZER_NONNULL = YES;
				CLANG_ANALYZER_NUMBER_OBJECT_CONVERSION = YES_AGGRESSIVE;
				CLANG_CXX_LANGUAGE_STANDARD = "gnu++14";
				CLANG_CXX_LIBRARY = "libc++";
				CLANG_ENABLE_MODULES = YES;
				CLANG_ENABLE_OBJC_ARC = YES;
				CLANG_WARN_BLOCK_CAPTURE_AUTORELEASING = YES;
				CLANG_WARN_BOOL_CONVERSION = YES;
				CLANG_WARN_COMMA = YES;
				CLANG_WARN_CONSTANT_CONVERSION = YES;
				CLANG_WARN_DIRECT_OBJC_ISA_USAGE = YES_ERROR;
				CLANG_WARN_DOCUMENTATION_COMMENTS = YES;
				CLANG_WARN_EMPTY_BODY = YES;
				CLANG_WARN_ENUM_CONVERSION = YES;
				CLANG_WARN_INFINITE_RECURSION = YES;
				CLANG_WARN_INT_CONVERSION = YES;
				CLANG_WARN_NON_LITERAL_NULL_CONVERSION = YES;
				CLANG_WARN_OBJC_LITERAL_CONVERSION = YES;
				CLANG_WARN_OBJC_ROOT_CLASS = YES_ERROR;
				CLANG_WARN_RANGE_LOOP_ANALYSIS = YES;
				CLANG_WARN_STRICT_PROTOTYPES = YES;
				CLANG_WARN_SUSPICIOUS_MOVE = YES;
				CLANG_WARN_UNGUARDED_AVAILABILITY = YES_AGGRESSIVE;
				CLANG_WARN_UNREACHABLE_CODE = YES;
				CLANG_WARN__DUPLICATE_METHOD_MATCH = YES;
				CODE_SIGN_IDENTITY = "iPhone Developer";
				COPY_PHASE_STRIP = NO;
				DEBUG_INFORMATION_FORMAT = dwarf;
				ENABLE_STRICT_OBJC_MSGSEND = YES;
				ENABLE_TESTABILITY = YES;
				GCC_C_LANGUAGE_STANDARD = gnu11;
				GCC_DYNAMIC_NO_PIC = NO;
				GCC_NO_COMMON_BLOCKS = YES;
				GCC_OPTIMIZATION_LEVEL = 0;
				GCC_PREPROCESSOR_DEFINITIONS = (
					"DEBUG=1",
					"$(inherited)",
				);
				GCC_WARN_64_TO_32_BIT_CONVERSION = YES;
				GCC_WARN_ABOUT_RETURN_TYPE = YES_ERROR;
				GCC_WARN_UNDECLARED_SELECTOR = YES;
				GCC_WARN_UNINITIALIZED_AUTOS = YES_AGGRESSIVE;
				GCC_WARN_UNUSED_FUNCTION = YES;
				GCC_WARN_UNUSED_VARIABLE = YES;
				IPHONEOS_DEPLOYMENT_TARGET = 11.1;
				MTL_ENABLE_DEBUG_INFO = YES;
				ONLY_ACTIVE_ARCH = YES;
				SDKROOT = iphoneos;
				SWIFT_ACTIVE_COMPILATION_CONDITIONS = DEBUG;
				SWIFT_OPTIMIZATION_LEVEL = "-Onone";
			};
			name = Debug;
		};
		CF6AF24320DC0701000A1B68 /* Release */ = {
			isa = XCBuildConfiguration;
			buildSettings = {
				ALWAYS_SEARCH_USER_PATHS = NO;
				CLANG_ANALYZER_NONNULL = YES;
				CLANG_ANALYZER_NUMBER_OBJECT_CONVERSION = YES_AGGRESSIVE;
				CLANG_CXX_LANGUAGE_STANDARD = "gnu++14";
				CLANG_CXX_LIBRARY = "libc++";
				CLANG_ENABLE_MODULES = YES;
				CLANG_ENABLE_OBJC_ARC = YES;
				CLANG_WARN_BLOCK_CAPTURE_AUTORELEASING = YES;
				CLANG_WARN_BOOL_CONVERSION = YES;
				CLANG_WARN_COMMA = YES;
				CLANG_WARN_CONSTANT_CONVERSION = YES;
				CLANG_WARN_DIRECT_OBJC_ISA_USAGE = YES_ERROR;
				CLANG_WARN_DOCUMENTATION_COMMENTS = YES;
				CLANG_WARN_EMPTY_BODY = YES;
				CLANG_WARN_ENUM_CONVERSION = YES;
				CLANG_WARN_INFINITE_RECURSION = YES;
				CLANG_WARN_INT_CONVERSION = YES;
				CLANG_WARN_NON_LITERAL_NULL_CONVERSION = YES;
				CLANG_WARN_OBJC_LITERAL_CONVERSION = YES;
				CLANG_WARN_OBJC_ROOT_CLASS = YES_ERROR;
				CLANG_WARN_RANGE_LOOP_ANALYSIS = YES;
				CLANG_WARN_STRICT_PROTOTYPES = YES;
				CLANG_WARN_SUSPICIOUS_MOVE = YES;
				CLANG_WARN_UNGUARDED_AVAILABILITY = YES_AGGRESSIVE;
				CLANG_WARN_UNREACHABLE_CODE = YES;
				CLANG_WARN__DUPLICATE_METHOD_MATCH = YES;
				CODE_SIGN_IDENTITY = "iPhone Developer";
				COPY_PHASE_STRIP = NO;
				DEBUG_INFORMATION_FORMAT = "dwarf-with-dsym";
				ENABLE_NS_ASSERTIONS = NO;
				ENABLE_STRICT_OBJC_MSGSEND = YES;
				GCC_C_LANGUAGE_STANDARD = gnu11;
				GCC_NO_COMMON_BLOCKS = YES;
				GCC_WARN_64_TO_32_BIT_CONVERSION = YES;
				GCC_WARN_ABOUT_RETURN_TYPE = YES_ERROR;
				GCC_WARN_UNDECLARED_SELECTOR = YES;
				GCC_WARN_UNINITIALIZED_AUTOS = YES_AGGRESSIVE;
				GCC_WARN_UNUSED_FUNCTION = YES;
				GCC_WARN_UNUSED_VARIABLE = YES;
				IPHONEOS_DEPLOYMENT_TARGET = 11.1;
				MTL_ENABLE_DEBUG_INFO = NO;
				SDKROOT = iphoneos;
				SWIFT_OPTIMIZATION_LEVEL = "-Owholemodule";
				VALIDATE_PRODUCT = YES;
			};
			name = Release;
		};
		CF6AF24520DC0701000A1B68 /* Debug */ = {
			isa = XCBuildConfiguration;
			baseConfigurationReference = FA2F63B5F223A0289E159529 /* Pods-app.debug.xcconfig */;
			buildSettings = {
				ASSETCATALOG_COMPILER_APPICON_NAME = AppIcon;
				CODE_SIGN_STYLE = Automatic;
				DEVELOPMENT_TEAM = 8B46D34G39;
				INFOPLIST_FILE = app/Info.plist;
				LD_RUNPATH_SEARCH_PATHS = "$(inherited) @executable_path/Frameworks";
				PRODUCT_BUNDLE_IDENTIFIER = com.prk.app;
				PRODUCT_NAME = PRK;
				SWIFT_VERSION = 4.0;
				TARGETED_DEVICE_FAMILY = "1,2";
			};
			name = Debug;
		};
		CF6AF24620DC0701000A1B68 /* Release */ = {
			isa = XCBuildConfiguration;
			baseConfigurationReference = 9CB7A6595D513DA002C42CFE /* Pods-app.release.xcconfig */;
			buildSettings = {
				ASSETCATALOG_COMPILER_APPICON_NAME = AppIcon;
				CODE_SIGN_STYLE = Automatic;
				DEVELOPMENT_TEAM = 8B46D34G39;
				INFOPLIST_FILE = app/Info.plist;
				LD_RUNPATH_SEARCH_PATHS = "$(inherited) @executable_path/Frameworks";
				PRODUCT_BUNDLE_IDENTIFIER = com.prk.app;
				PRODUCT_NAME = PRK;
				SWIFT_VERSION = 4.0;
				TARGETED_DEVICE_FAMILY = "1,2";
			};
			name = Release;
		};
/* End XCBuildConfiguration section */

/* Begin XCConfigurationList section */
		CF6AF22D20DC0700000A1B68 /* Build configuration list for PBXProject "app" */ = {
			isa = XCConfigurationList;
			buildConfigurations = (
				CF6AF24220DC0701000A1B68 /* Debug */,
				CF6AF24320DC0701000A1B68 /* Release */,
			);
			defaultConfigurationIsVisible = 0;
			defaultConfigurationName = Release;
		};
		CF6AF24420DC0701000A1B68 /* Build configuration list for PBXNativeTarget "app" */ = {
			isa = XCConfigurationList;
			buildConfigurations = (
				CF6AF24520DC0701000A1B68 /* Debug */,
				CF6AF24620DC0701000A1B68 /* Release */,
			);
			defaultConfigurationIsVisible = 0;
			defaultConfigurationName = Release;
		};
/* End XCConfigurationList section */
	};
	rootObject = CF6AF22A20DC0700000A1B68 /* Project object */;
}
